
Microsoft Visual Studio Solution File, Format Version 12.00
# Visual Studio 2013
VisualStudioVersion = 12.0.30501.0
MinimumVisualStudioVersion = 10.0.40219.1
Project("{2150E333-8FDC-42A3-9474-1A3956D46DE8}") = "Modules", "Modules", "{1A02F2CA-0D87-4FBB-88F6-A766B9D35170}"
EndProject
Project("{2150E333-8FDC-42A3-9474-1A3956D46DE8}") = "Services", "Services", "{7AC78CE6-3DA7-4A74-B5BF-848D4ED6733D}"
EndProject
Project("{2150E333-8FDC-42A3-9474-1A3956D46DE8}") = "Programs", "Programs", "{84885903-1F6D-4CB2-8327-05ABDD8D9EC2}"
EndProject
Project("{FAE04EC0-301F-11D3-BF4B-00C04F79EFBC}") = "CloudPanel3.0", "CloudPanel3.0\CloudPanel3.0.csproj", "{D41681DC-846D-423B-99E7-7E653A66E135}"
EndProject
Project("{FAE04EC0-301F-11D3-BF4B-00C04F79EFBC}") = "CloudPanel.Modules.Exchange", "CloudPanel.Modules.Exchange\CloudPanel.Modules.Exchange.csproj", "{CBA54B87-84B2-4C50-A2D7-FB5CA818AC1A}"
EndProject
Project("{FAE04EC0-301F-11D3-BF4B-00C04F79EFBC}") = "CloudPanel.Modules.Sql", "CloudPanel.Modules.Sql\CloudPanel.Modules.Sql.csproj", "{B9AC7B85-AB65-498C-9066-326E399C8728}"
EndProject
Project("{FAE04EC0-301F-11D3-BF4B-00C04F79EFBC}") = "CloudPanel.Modules.Base", "CloudPanel.Modules.Base\CloudPanel.Modules.Base.csproj", "{C3C06D1F-D9F3-4024-B438-B43D21C33751}"
EndProject
Project("{FAE04EC0-301F-11D3-BF4B-00C04F79EFBC}") = "CloudPanel.Modules.Settings", "CloudPanel.Modules.Settings\CloudPanel.Modules.Settings.csproj", "{33ECD64E-732F-498F-817C-BF0BDAACF646}"
EndProject
Project("{FAE04EC0-301F-11D3-BF4B-00C04F79EFBC}") = "CloudPanel.Modules.ActiveDirectory", "CloudPanel.Modules.ActiveDirectory\CloudPanel.Modules.ActiveDirectory.csproj", "{70E91860-2729-47B2-92A2-06AD209DA113}"
EndProject
Project("{FAE04EC0-301F-11D3-BF4B-00C04F79EFBC}") = "CloudPanel.Modules.Reporting", "CloudPanel.Modules.Reporting\CloudPanel.Modules.Reporting.csproj", "{AA500E23-507E-4036-BF67-C5ED4C2F9C67}"
EndProject
Project("{FAE04EC0-301F-11D3-BF4B-00C04F79EFBC}") = "CloudPanel.Services.Scheduler", "CloudPanel.Services.CPTaskScheduler\CloudPanel.Services.Scheduler.csproj", "{1C90758A-96FE-48C8-B8F5-FC5FB5A3E843}"
EndProject
Project("{FAE04EC0-301F-11D3-BF4B-00C04F79EFBC}") = "CloudPanel.Modules.Lync", "CloudPanel.Modules.Lync\CloudPanel.Modules.Lync.csproj", "{EE1C14E6-1847-4B78-8BE9-14C55E9840A2}"
EndProject
Project("{FAE04EC0-301F-11D3-BF4B-00C04F79EFBC}") = "CloudPanel.Modules.Mail", "CloudPanel.Modules.Mail\CloudPanel.Modules.Mail.csproj", "{0D9DFBA6-E55C-48D3-85D1-0F843259FBDF}"
EndProject
Project("{FAE04EC0-301F-11D3-BF4B-00C04F79EFBC}") = "CloudPanel.Modules.RollbackActions", "CloudPanel.Modules.RollbackActions\CloudPanel.Modules.RollbackActions.csproj", "{BE039E94-5D27-4AAB-863F-B1F20E1F5E8E}"
EndProject
Global
	GlobalSection(SolutionConfigurationPlatforms) = preSolution
		CD_ROM|Any CPU = CD_ROM|Any CPU
		CD_ROM|Mixed Platforms = CD_ROM|Mixed Platforms
		CD_ROM|x86 = CD_ROM|x86
		Debug|Any CPU = Debug|Any CPU
		Debug|Mixed Platforms = Debug|Mixed Platforms
		Debug|x86 = Debug|x86
		DVD-5|Any CPU = DVD-5|Any CPU
		DVD-5|Mixed Platforms = DVD-5|Mixed Platforms
		DVD-5|x86 = DVD-5|x86
		Release|Any CPU = Release|Any CPU
		Release|Mixed Platforms = Release|Mixed Platforms
		Release|x86 = Release|x86
		SingleImage|Any CPU = SingleImage|Any CPU
		SingleImage|Mixed Platforms = SingleImage|Mixed Platforms
		SingleImage|x86 = SingleImage|x86
	EndGlobalSection
	GlobalSection(ProjectConfigurationPlatforms) = postSolution
		{D41681DC-846D-423B-99E7-7E653A66E135}.CD_ROM|Any CPU.ActiveCfg = Release|Any CPU
		{D41681DC-846D-423B-99E7-7E653A66E135}.CD_ROM|Any CPU.Build.0 = Release|Any CPU
		{D41681DC-846D-423B-99E7-7E653A66E135}.CD_ROM|Mixed Platforms.ActiveCfg = Release|Any CPU
		{D41681DC-846D-423B-99E7-7E653A66E135}.CD_ROM|Mixed Platforms.Build.0 = Release|Any CPU
		{D41681DC-846D-423B-99E7-7E653A66E135}.CD_ROM|x86.ActiveCfg = Release|Any CPU
		{D41681DC-846D-423B-99E7-7E653A66E135}.Debug|Any CPU.ActiveCfg = Debug|Any CPU
		{D41681DC-846D-423B-99E7-7E653A66E135}.Debug|Any CPU.Build.0 = Debug|Any CPU
		{D41681DC-846D-423B-99E7-7E653A66E135}.Debug|Mixed Platforms.ActiveCfg = Debug|Any CPU
		{D41681DC-846D-423B-99E7-7E653A66E135}.Debug|Mixed Platforms.Build.0 = Debug|Any CPU
		{D41681DC-846D-423B-99E7-7E653A66E135}.Debug|x86.ActiveCfg = Debug|Any CPU
		{D41681DC-846D-423B-99E7-7E653A66E135}.DVD-5|Any CPU.ActiveCfg = Debug|Any CPU
		{D41681DC-846D-423B-99E7-7E653A66E135}.DVD-5|Any CPU.Build.0 = Debug|Any CPU
		{D41681DC-846D-423B-99E7-7E653A66E135}.DVD-5|Mixed Platforms.ActiveCfg = Debug|Any CPU
		{D41681DC-846D-423B-99E7-7E653A66E135}.DVD-5|Mixed Platforms.Build.0 = Debug|Any CPU
		{D41681DC-846D-423B-99E7-7E653A66E135}.DVD-5|x86.ActiveCfg = Debug|Any CPU
		{D41681DC-846D-423B-99E7-7E653A66E135}.Release|Any CPU.ActiveCfg = Release|Any CPU
		{D41681DC-846D-423B-99E7-7E653A66E135}.Release|Any CPU.Build.0 = Release|Any CPU
		{D41681DC-846D-423B-99E7-7E653A66E135}.Release|Mixed Platforms.ActiveCfg = Release|Any CPU
		{D41681DC-846D-423B-99E7-7E653A66E135}.Release|Mixed Platforms.Build.0 = Release|Any CPU
		{D41681DC-846D-423B-99E7-7E653A66E135}.Release|x86.ActiveCfg = Release|Any CPU
		{D41681DC-846D-423B-99E7-7E653A66E135}.SingleImage|Any CPU.ActiveCfg = Release|Any CPU
		{D41681DC-846D-423B-99E7-7E653A66E135}.SingleImage|Any CPU.Build.0 = Release|Any CPU
		{D41681DC-846D-423B-99E7-7E653A66E135}.SingleImage|Mixed Platforms.ActiveCfg = Release|Any CPU
		{D41681DC-846D-423B-99E7-7E653A66E135}.SingleImage|Mixed Platforms.Build.0 = Release|Any CPU
		{D41681DC-846D-423B-99E7-7E653A66E135}.SingleImage|x86.ActiveCfg = Release|Any CPU
		{CBA54B87-84B2-4C50-A2D7-FB5CA818AC1A}.CD_ROM|Any CPU.ActiveCfg = Release|Any CPU
		{CBA54B87-84B2-4C50-A2D7-FB5CA818AC1A}.CD_ROM|Any CPU.Build.0 = Release|Any CPU
		{CBA54B87-84B2-4C50-A2D7-FB5CA818AC1A}.CD_ROM|Mixed Platforms.ActiveCfg = Release|Any CPU
		{CBA54B87-84B2-4C50-A2D7-FB5CA818AC1A}.CD_ROM|Mixed Platforms.Build.0 = Release|Any CPU
		{CBA54B87-84B2-4C50-A2D7-FB5CA818AC1A}.CD_ROM|x86.ActiveCfg = Release|Any CPU
		{CBA54B87-84B2-4C50-A2D7-FB5CA818AC1A}.Debug|Any CPU.ActiveCfg = Debug|Any CPU
		{CBA54B87-84B2-4C50-A2D7-FB5CA818AC1A}.Debug|Any CPU.Build.0 = Debug|Any CPU
		{CBA54B87-84B2-4C50-A2D7-FB5CA818AC1A}.Debug|Mixed Platforms.ActiveCfg = Debug|Any CPU
		{CBA54B87-84B2-4C50-A2D7-FB5CA818AC1A}.Debug|Mixed Platforms.Build.0 = Debug|Any CPU
		{CBA54B87-84B2-4C50-A2D7-FB5CA818AC1A}.Debug|x86.ActiveCfg = Debug|Any CPU
		{CBA54B87-84B2-4C50-A2D7-FB5CA818AC1A}.DVD-5|Any CPU.ActiveCfg = Debug|Any CPU
		{CBA54B87-84B2-4C50-A2D7-FB5CA818AC1A}.DVD-5|Any CPU.Build.0 = Debug|Any CPU
		{CBA54B87-84B2-4C50-A2D7-FB5CA818AC1A}.DVD-5|Mixed Platforms.ActiveCfg = Debug|Any CPU
		{CBA54B87-84B2-4C50-A2D7-FB5CA818AC1A}.DVD-5|Mixed Platforms.Build.0 = Debug|Any CPU
		{CBA54B87-84B2-4C50-A2D7-FB5CA818AC1A}.DVD-5|x86.ActiveCfg = Debug|Any CPU
		{CBA54B87-84B2-4C50-A2D7-FB5CA818AC1A}.Release|Any CPU.ActiveCfg = Release|Any CPU
		{CBA54B87-84B2-4C50-A2D7-FB5CA818AC1A}.Release|Any CPU.Build.0 = Release|Any CPU
		{CBA54B87-84B2-4C50-A2D7-FB5CA818AC1A}.Release|Mixed Platforms.ActiveCfg = Release|Any CPU
		{CBA54B87-84B2-4C50-A2D7-FB5CA818AC1A}.Release|Mixed Platforms.Build.0 = Release|Any CPU
		{CBA54B87-84B2-4C50-A2D7-FB5CA818AC1A}.Release|x86.ActiveCfg = Release|Any CPU
		{CBA54B87-84B2-4C50-A2D7-FB5CA818AC1A}.SingleImage|Any CPU.ActiveCfg = Release|Any CPU
		{CBA54B87-84B2-4C50-A2D7-FB5CA818AC1A}.SingleImage|Any CPU.Build.0 = Release|Any CPU
		{CBA54B87-84B2-4C50-A2D7-FB5CA818AC1A}.SingleImage|Mixed Platforms.ActiveCfg = Release|Any CPU
		{CBA54B87-84B2-4C50-A2D7-FB5CA818AC1A}.SingleImage|Mixed Platforms.Build.0 = Release|Any CPU
		{CBA54B87-84B2-4C50-A2D7-FB5CA818AC1A}.SingleImage|x86.ActiveCfg = Release|Any CPU
		{B9AC7B85-AB65-498C-9066-326E399C8728}.CD_ROM|Any CPU.ActiveCfg = Release|Any CPU
		{B9AC7B85-AB65-498C-9066-326E399C8728}.CD_ROM|Any CPU.Build.0 = Release|Any CPU
		{B9AC7B85-AB65-498C-9066-326E399C8728}.CD_ROM|Mixed Platforms.ActiveCfg = Release|Any CPU
		{B9AC7B85-AB65-498C-9066-326E399C8728}.CD_ROM|Mixed Platforms.Build.0 = Release|Any CPU
		{B9AC7B85-AB65-498C-9066-326E399C8728}.CD_ROM|x86.ActiveCfg = Release|Any CPU
		{B9AC7B85-AB65-498C-9066-326E399C8728}.Debug|Any CPU.ActiveCfg = Debug|Any CPU
		{B9AC7B85-AB65-498C-9066-326E399C8728}.Debug|Any CPU.Build.0 = Debug|Any CPU
		{B9AC7B85-AB65-498C-9066-326E399C8728}.Debug|Mixed Platforms.ActiveCfg = Debug|Any CPU
		{B9AC7B85-AB65-498C-9066-326E399C8728}.Debug|Mixed Platforms.Build.0 = Debug|Any CPU
		{B9AC7B85-AB65-498C-9066-326E399C8728}.Debug|x86.ActiveCfg = Debug|Any CPU
		{B9AC7B85-AB65-498C-9066-326E399C8728}.DVD-5|Any CPU.ActiveCfg = Debug|Any CPU
		{B9AC7B85-AB65-498C-9066-326E399C8728}.DVD-5|Any CPU.Build.0 = Debug|Any CPU
		{B9AC7B85-AB65-498C-9066-326E399C8728}.DVD-5|Mixed Platforms.ActiveCfg = Debug|Any CPU
		{B9AC7B85-AB65-498C-9066-326E399C8728}.DVD-5|Mixed Platforms.Build.0 = Debug|Any CPU
		{B9AC7B85-AB65-498C-9066-326E399C8728}.DVD-5|x86.ActiveCfg = Debug|Any CPU
		{B9AC7B85-AB65-498C-9066-326E399C8728}.Release|Any CPU.ActiveCfg = Release|Any CPU
		{B9AC7B85-AB65-498C-9066-326E399C8728}.Release|Any CPU.Build.0 = Release|Any CPU
		{B9AC7B85-AB65-498C-9066-326E399C8728}.Release|Mixed Platforms.ActiveCfg = Release|Any CPU
		{B9AC7B85-AB65-498C-9066-326E399C8728}.Release|Mixed Platforms.Build.0 = Release|Any CPU
		{B9AC7B85-AB65-498C-9066-326E399C8728}.Release|x86.ActiveCfg = Release|Any CPU
		{B9AC7B85-AB65-498C-9066-326E399C8728}.SingleImage|Any CPU.ActiveCfg = Release|Any CPU
		{B9AC7B85-AB65-498C-9066-326E399C8728}.SingleImage|Any CPU.Build.0 = Release|Any CPU
		{B9AC7B85-AB65-498C-9066-326E399C8728}.SingleImage|Mixed Platforms.ActiveCfg = Release|Any CPU
		{B9AC7B85-AB65-498C-9066-326E399C8728}.SingleImage|Mixed Platforms.Build.0 = Release|Any CPU
		{B9AC7B85-AB65-498C-9066-326E399C8728}.SingleImage|x86.ActiveCfg = Release|Any CPU
		{C3C06D1F-D9F3-4024-B438-B43D21C33751}.CD_ROM|Any CPU.ActiveCfg = Release|Any CPU
		{C3C06D1F-D9F3-4024-B438-B43D21C33751}.CD_ROM|Any CPU.Build.0 = Release|Any CPU
		{C3C06D1F-D9F3-4024-B438-B43D21C33751}.CD_ROM|Mixed Platforms.ActiveCfg = Release|Any CPU
		{C3C06D1F-D9F3-4024-B438-B43D21C33751}.CD_ROM|Mixed Platforms.Build.0 = Release|Any CPU
		{C3C06D1F-D9F3-4024-B438-B43D21C33751}.CD_ROM|x86.ActiveCfg = Release|Any CPU
		{C3C06D1F-D9F3-4024-B438-B43D21C33751}.Debug|Any CPU.ActiveCfg = Debug|Any CPU
		{C3C06D1F-D9F3-4024-B438-B43D21C33751}.Debug|Any CPU.Build.0 = Debug|Any CPU
		{C3C06D1F-D9F3-4024-B438-B43D21C33751}.Debug|Mixed Platforms.ActiveCfg = Debug|Any CPU
		{C3C06D1F-D9F3-4024-B438-B43D21C33751}.Debug|Mixed Platforms.Build.0 = Debug|Any CPU
		{C3C06D1F-D9F3-4024-B438-B43D21C33751}.Debug|x86.ActiveCfg = Debug|Any CPU
		{C3C06D1F-D9F3-4024-B438-B43D21C33751}.DVD-5|Any CPU.ActiveCfg = Debug|Any CPU
		{C3C06D1F-D9F3-4024-B438-B43D21C33751}.DVD-5|Any CPU.Build.0 = Debug|Any CPU
		{C3C06D1F-D9F3-4024-B438-B43D21C33751}.DVD-5|Mixed Platforms.ActiveCfg = Debug|Any CPU
		{C3C06D1F-D9F3-4024-B438-B43D21C33751}.DVD-5|Mixed Platforms.Build.0 = Debug|Any CPU
		{C3C06D1F-D9F3-4024-B438-B43D21C33751}.DVD-5|x86.ActiveCfg = Debug|Any CPU
		{C3C06D1F-D9F3-4024-B438-B43D21C33751}.Release|Any CPU.ActiveCfg = Release|Any CPU
		{C3C06D1F-D9F3-4024-B438-B43D21C33751}.Release|Any CPU.Build.0 = Release|Any CPU
		{C3C06D1F-D9F3-4024-B438-B43D21C33751}.Release|Mixed Platforms.ActiveCfg = Release|Any CPU
		{C3C06D1F-D9F3-4024-B438-B43D21C33751}.Release|Mixed Platforms.Build.0 = Release|Any CPU
		{C3C06D1F-D9F3-4024-B438-B43D21C33751}.Release|x86.ActiveCfg = Release|Any CPU
		{C3C06D1F-D9F3-4024-B438-B43D21C33751}.SingleImage|Any CPU.ActiveCfg = Release|Any CPU
		{C3C06D1F-D9F3-4024-B438-B43D21C33751}.SingleImage|Any CPU.Build.0 = Release|Any CPU
		{C3C06D1F-D9F3-4024-B438-B43D21C33751}.SingleImage|Mixed Platforms.ActiveCfg = Release|Any CPU
		{C3C06D1F-D9F3-4024-B438-B43D21C33751}.SingleImage|Mixed Platforms.Build.0 = Release|Any CPU
		{C3C06D1F-D9F3-4024-B438-B43D21C33751}.SingleImage|x86.ActiveCfg = Release|Any CPU
		{33ECD64E-732F-498F-817C-BF0BDAACF646}.CD_ROM|Any CPU.ActiveCfg = Release|Any CPU
		{33ECD64E-732F-498F-817C-BF0BDAACF646}.CD_ROM|Any CPU.Build.0 = Release|Any CPU
		{33ECD64E-732F-498F-817C-BF0BDAACF646}.CD_ROM|Mixed Platforms.ActiveCfg = Release|Any CPU
		{33ECD64E-732F-498F-817C-BF0BDAACF646}.CD_ROM|Mixed Platforms.Build.0 = Release|Any CPU
		{33ECD64E-732F-498F-817C-BF0BDAACF646}.CD_ROM|x86.ActiveCfg = Release|Any CPU
		{33ECD64E-732F-498F-817C-BF0BDAACF646}.Debug|Any CPU.ActiveCfg = Debug|Any CPU
		{33ECD64E-732F-498F-817C-BF0BDAACF646}.Debug|Any CPU.Build.0 = Debug|Any CPU
		{33ECD64E-732F-498F-817C-BF0BDAACF646}.Debug|Mixed Platforms.ActiveCfg = Debug|Any CPU
		{33ECD64E-732F-498F-817C-BF0BDAACF646}.Debug|Mixed Platforms.Build.0 = Debug|Any CPU
		{33ECD64E-732F-498F-817C-BF0BDAACF646}.Debug|x86.ActiveCfg = Debug|Any CPU
		{33ECD64E-732F-498F-817C-BF0BDAACF646}.DVD-5|Any CPU.ActiveCfg = Debug|Any CPU
		{33ECD64E-732F-498F-817C-BF0BDAACF646}.DVD-5|Any CPU.Build.0 = Debug|Any CPU
		{33ECD64E-732F-498F-817C-BF0BDAACF646}.DVD-5|Mixed Platforms.ActiveCfg = Debug|Any CPU
		{33ECD64E-732F-498F-817C-BF0BDAACF646}.DVD-5|Mixed Platforms.Build.0 = Debug|Any CPU
		{33ECD64E-732F-498F-817C-BF0BDAACF646}.DVD-5|x86.ActiveCfg = Debug|Any CPU
		{33ECD64E-732F-498F-817C-BF0BDAACF646}.Release|Any CPU.ActiveCfg = Release|Any CPU
		{33ECD64E-732F-498F-817C-BF0BDAACF646}.Release|Any CPU.Build.0 = Release|Any CPU
		{33ECD64E-732F-498F-817C-BF0BDAACF646}.Release|Mixed Platforms.ActiveCfg = Release|Any CPU
		{33ECD64E-732F-498F-817C-BF0BDAACF646}.Release|Mixed Platforms.Build.0 = Release|Any CPU
		{33ECD64E-732F-498F-817C-BF0BDAACF646}.Release|x86.ActiveCfg = Release|Any CPU
		{33ECD64E-732F-498F-817C-BF0BDAACF646}.SingleImage|Any CPU.ActiveCfg = Release|Any CPU
		{33ECD64E-732F-498F-817C-BF0BDAACF646}.SingleImage|Any CPU.Build.0 = Release|Any CPU
		{33ECD64E-732F-498F-817C-BF0BDAACF646}.SingleImage|Mixed Platforms.ActiveCfg = Release|Any CPU
		{33ECD64E-732F-498F-817C-BF0BDAACF646}.SingleImage|Mixed Platforms.Build.0 = Release|Any CPU
		{33ECD64E-732F-498F-817C-BF0BDAACF646}.SingleImage|x86.ActiveCfg = Release|Any CPU
		{70E91860-2729-47B2-92A2-06AD209DA113}.CD_ROM|Any CPU.ActiveCfg = Release|Any CPU
		{70E91860-2729-47B2-92A2-06AD209DA113}.CD_ROM|Any CPU.Build.0 = Release|Any CPU
		{70E91860-2729-47B2-92A2-06AD209DA113}.CD_ROM|Mixed Platforms.ActiveCfg = Release|Any CPU
		{70E91860-2729-47B2-92A2-06AD209DA113}.CD_ROM|Mixed Platforms.Build.0 = Release|Any CPU
		{70E91860-2729-47B2-92A2-06AD209DA113}.CD_ROM|x86.ActiveCfg = Release|Any CPU
		{70E91860-2729-47B2-92A2-06AD209DA113}.Debug|Any CPU.ActiveCfg = Debug|Any CPU
		{70E91860-2729-47B2-92A2-06AD209DA113}.Debug|Any CPU.Build.0 = Debug|Any CPU
		{70E91860-2729-47B2-92A2-06AD209DA113}.Debug|Mixed Platforms.ActiveCfg = Debug|Any CPU
		{70E91860-2729-47B2-92A2-06AD209DA113}.Debug|Mixed Platforms.Build.0 = Debug|Any CPU
		{70E91860-2729-47B2-92A2-06AD209DA113}.Debug|x86.ActiveCfg = Debug|Any CPU
		{70E91860-2729-47B2-92A2-06AD209DA113}.DVD-5|Any CPU.ActiveCfg = Debug|Any CPU
		{70E91860-2729-47B2-92A2-06AD209DA113}.DVD-5|Any CPU.Build.0 = Debug|Any CPU
		{70E91860-2729-47B2-92A2-06AD209DA113}.DVD-5|Mixed Platforms.ActiveCfg = Debug|Any CPU
		{70E91860-2729-47B2-92A2-06AD209DA113}.DVD-5|Mixed Platforms.Build.0 = Debug|Any CPU
		{70E91860-2729-47B2-92A2-06AD209DA113}.DVD-5|x86.ActiveCfg = Debug|Any CPU
		{70E91860-2729-47B2-92A2-06AD209DA113}.Release|Any CPU.ActiveCfg = Release|Any CPU
		{70E91860-2729-47B2-92A2-06AD209DA113}.Release|Any CPU.Build.0 = Release|Any CPU
		{70E91860-2729-47B2-92A2-06AD209DA113}.Release|Mixed Platforms.ActiveCfg = Release|Any CPU
		{70E91860-2729-47B2-92A2-06AD209DA113}.Release|Mixed Platforms.Build.0 = Release|Any CPU
		{70E91860-2729-47B2-92A2-06AD209DA113}.Release|x86.ActiveCfg = Release|Any CPU
		{70E91860-2729-47B2-92A2-06AD209DA113}.SingleImage|Any CPU.ActiveCfg = Release|Any CPU
		{70E91860-2729-47B2-92A2-06AD209DA113}.SingleImage|Any CPU.Build.0 = Release|Any CPU
		{70E91860-2729-47B2-92A2-06AD209DA113}.SingleImage|Mixed Platforms.ActiveCfg = Release|Any CPU
		{70E91860-2729-47B2-92A2-06AD209DA113}.SingleImage|Mixed Platforms.Build.0 = Release|Any CPU
		{70E91860-2729-47B2-92A2-06AD209DA113}.SingleImage|x86.ActiveCfg = Release|Any CPU
		{AA500E23-507E-4036-BF67-C5ED4C2F9C67}.CD_ROM|Any CPU.ActiveCfg = Release|Any CPU
		{AA500E23-507E-4036-BF67-C5ED4C2F9C67}.CD_ROM|Any CPU.Build.0 = Release|Any CPU
		{AA500E23-507E-4036-BF67-C5ED4C2F9C67}.CD_ROM|Mixed Platforms.ActiveCfg = Release|Any CPU
		{AA500E23-507E-4036-BF67-C5ED4C2F9C67}.CD_ROM|Mixed Platforms.Build.0 = Release|Any CPU
		{AA500E23-507E-4036-BF67-C5ED4C2F9C67}.CD_ROM|x86.ActiveCfg = Release|Any CPU
		{AA500E23-507E-4036-BF67-C5ED4C2F9C67}.Debug|Any CPU.ActiveCfg = Debug|Any CPU
		{AA500E23-507E-4036-BF67-C5ED4C2F9C67}.Debug|Any CPU.Build.0 = Debug|Any CPU
		{AA500E23-507E-4036-BF67-C5ED4C2F9C67}.Debug|Mixed Platforms.ActiveCfg = Debug|Any CPU
		{AA500E23-507E-4036-BF67-C5ED4C2F9C67}.Debug|Mixed Platforms.Build.0 = Debug|Any CPU
		{AA500E23-507E-4036-BF67-C5ED4C2F9C67}.Debug|x86.ActiveCfg = Debug|Any CPU
		{AA500E23-507E-4036-BF67-C5ED4C2F9C67}.DVD-5|Any CPU.ActiveCfg = Debug|Any CPU
		{AA500E23-507E-4036-BF67-C5ED4C2F9C67}.DVD-5|Any CPU.Build.0 = Debug|Any CPU
		{AA500E23-507E-4036-BF67-C5ED4C2F9C67}.DVD-5|Mixed Platforms.ActiveCfg = Debug|Any CPU
		{AA500E23-507E-4036-BF67-C5ED4C2F9C67}.DVD-5|Mixed Platforms.Build.0 = Debug|Any CPU
		{AA500E23-507E-4036-BF67-C5ED4C2F9C67}.DVD-5|x86.ActiveCfg = Debug|Any CPU
		{AA500E23-507E-4036-BF67-C5ED4C2F9C67}.Release|Any CPU.ActiveCfg = Release|Any CPU
		{AA500E23-507E-4036-BF67-C5ED4C2F9C67}.Release|Any CPU.Build.0 = Release|Any CPU
		{AA500E23-507E-4036-BF67-C5ED4C2F9C67}.Release|Mixed Platforms.ActiveCfg = Release|Any CPU
		{AA500E23-507E-4036-BF67-C5ED4C2F9C67}.Release|Mixed Platforms.Build.0 = Release|Any CPU
		{AA500E23-507E-4036-BF67-C5ED4C2F9C67}.Release|x86.ActiveCfg = Release|Any CPU
		{AA500E23-507E-4036-BF67-C5ED4C2F9C67}.SingleImage|Any CPU.ActiveCfg = Release|Any CPU
		{AA500E23-507E-4036-BF67-C5ED4C2F9C67}.SingleImage|Any CPU.Build.0 = Release|Any CPU
		{AA500E23-507E-4036-BF67-C5ED4C2F9C67}.SingleImage|Mixed Platforms.ActiveCfg = Release|Any CPU
		{AA500E23-507E-4036-BF67-C5ED4C2F9C67}.SingleImage|Mixed Platforms.Build.0 = Release|Any CPU
		{AA500E23-507E-4036-BF67-C5ED4C2F9C67}.SingleImage|x86.ActiveCfg = Release|Any CPU
		{1C90758A-96FE-48C8-B8F5-FC5FB5A3E843}.CD_ROM|Any CPU.ActiveCfg = Release|Any CPU
		{1C90758A-96FE-48C8-B8F5-FC5FB5A3E843}.CD_ROM|Any CPU.Build.0 = Release|Any CPU
		{1C90758A-96FE-48C8-B8F5-FC5FB5A3E843}.CD_ROM|Mixed Platforms.ActiveCfg = Release|Any CPU
		{1C90758A-96FE-48C8-B8F5-FC5FB5A3E843}.CD_ROM|Mixed Platforms.Build.0 = Release|Any CPU
		{1C90758A-96FE-48C8-B8F5-FC5FB5A3E843}.CD_ROM|x86.ActiveCfg = Release|Any CPU
		{1C90758A-96FE-48C8-B8F5-FC5FB5A3E843}.Debug|Any CPU.ActiveCfg = Debug|Any CPU
		{1C90758A-96FE-48C8-B8F5-FC5FB5A3E843}.Debug|Any CPU.Build.0 = Debug|Any CPU
		{1C90758A-96FE-48C8-B8F5-FC5FB5A3E843}.Debug|Mixed Platforms.ActiveCfg = Debug|Any CPU
		{1C90758A-96FE-48C8-B8F5-FC5FB5A3E843}.Debug|Mixed Platforms.Build.0 = Debug|Any CPU
		{1C90758A-96FE-48C8-B8F5-FC5FB5A3E843}.Debug|x86.ActiveCfg = Debug|Any CPU
		{1C90758A-96FE-48C8-B8F5-FC5FB5A3E843}.DVD-5|Any CPU.ActiveCfg = Debug|Any CPU
		{1C90758A-96FE-48C8-B8F5-FC5FB5A3E843}.DVD-5|Any CPU.Build.0 = Debug|Any CPU
		{1C90758A-96FE-48C8-B8F5-FC5FB5A3E843}.DVD-5|Mixed Platforms.ActiveCfg = Debug|Any CPU
		{1C90758A-96FE-48C8-B8F5-FC5FB5A3E843}.DVD-5|Mixed Platforms.Build.0 = Debug|Any CPU
		{1C90758A-96FE-48C8-B8F5-FC5FB5A3E843}.DVD-5|x86.ActiveCfg = Debug|Any CPU
		{1C90758A-96FE-48C8-B8F5-FC5FB5A3E843}.Release|Any CPU.ActiveCfg = Release|Any CPU
		{1C90758A-96FE-48C8-B8F5-FC5FB5A3E843}.Release|Any CPU.Build.0 = Release|Any CPU
		{1C90758A-96FE-48C8-B8F5-FC5FB5A3E843}.Release|Mixed Platforms.ActiveCfg = Release|Any CPU
		{1C90758A-96FE-48C8-B8F5-FC5FB5A3E843}.Release|Mixed Platforms.Build.0 = Release|Any CPU
		{1C90758A-96FE-48C8-B8F5-FC5FB5A3E843}.Release|x86.ActiveCfg = Release|Any CPU
		{1C90758A-96FE-48C8-B8F5-FC5FB5A3E843}.SingleImage|Any CPU.ActiveCfg = Release|Any CPU
		{1C90758A-96FE-48C8-B8F5-FC5FB5A3E843}.SingleImage|Any CPU.Build.0 = Release|Any CPU
		{1C90758A-96FE-48C8-B8F5-FC5FB5A3E843}.SingleImage|Mixed Platforms.ActiveCfg = Release|Any CPU
		{1C90758A-96FE-48C8-B8F5-FC5FB5A3E843}.SingleImage|Mixed Platforms.Build.0 = Release|Any CPU
		{1C90758A-96FE-48C8-B8F5-FC5FB5A3E843}.SingleImage|x86.ActiveCfg = Release|Any CPU
		{EE1C14E6-1847-4B78-8BE9-14C55E9840A2}.CD_ROM|Any CPU.ActiveCfg = Release|Any CPU
		{EE1C14E6-1847-4B78-8BE9-14C55E9840A2}.CD_ROM|Any CPU.Build.0 = Release|Any CPU
		{EE1C14E6-1847-4B78-8BE9-14C55E9840A2}.CD_ROM|Mixed Platforms.ActiveCfg = Release|Any CPU
		{EE1C14E6-1847-4B78-8BE9-14C55E9840A2}.CD_ROM|Mixed Platforms.Build.0 = Release|Any CPU
		{EE1C14E6-1847-4B78-8BE9-14C55E9840A2}.CD_ROM|x86.ActiveCfg = Release|Any CPU
		{EE1C14E6-1847-4B78-8BE9-14C55E9840A2}.Debug|Any CPU.ActiveCfg = Debug|Any CPU
		{EE1C14E6-1847-4B78-8BE9-14C55E9840A2}.Debug|Any CPU.Build.0 = Debug|Any CPU
		{EE1C14E6-1847-4B78-8BE9-14C55E9840A2}.Debug|Mixed Platforms.ActiveCfg = Debug|Any CPU
		{EE1C14E6-1847-4B78-8BE9-14C55E9840A2}.Debug|Mixed Platforms.Build.0 = Debug|Any CPU
		{EE1C14E6-1847-4B78-8BE9-14C55E9840A2}.Debug|x86.ActiveCfg = Debug|Any CPU
		{EE1C14E6-1847-4B78-8BE9-14C55E9840A2}.DVD-5|Any CPU.ActiveCfg = Debug|Any CPU
		{EE1C14E6-1847-4B78-8BE9-14C55E9840A2}.DVD-5|Any CPU.Build.0 = Debug|Any CPU
		{EE1C14E6-1847-4B78-8BE9-14C55E9840A2}.DVD-5|Mixed Platforms.ActiveCfg = Debug|Any CPU
		{EE1C14E6-1847-4B78-8BE9-14C55E9840A2}.DVD-5|Mixed Platforms.Build.0 = Debug|Any CPU
		{EE1C14E6-1847-4B78-8BE9-14C55E9840A2}.DVD-5|x86.ActiveCfg = Debug|Any CPU
		{EE1C14E6-1847-4B78-8BE9-14C55E9840A2}.Release|Any CPU.ActiveCfg = Release|Any CPU
		{EE1C14E6-1847-4B78-8BE9-14C55E9840A2}.Release|Any CPU.Build.0 = Release|Any CPU
		{EE1C14E6-1847-4B78-8BE9-14C55E9840A2}.Release|Mixed Platforms.ActiveCfg = Release|Any CPU
		{EE1C14E6-1847-4B78-8BE9-14C55E9840A2}.Release|Mixed Platforms.Build.0 = Release|Any CPU
		{EE1C14E6-1847-4B78-8BE9-14C55E9840A2}.Release|x86.ActiveCfg = Release|Any CPU
		{EE1C14E6-1847-4B78-8BE9-14C55E9840A2}.SingleImage|Any CPU.ActiveCfg = Release|Any CPU
		{EE1C14E6-1847-4B78-8BE9-14C55E9840A2}.SingleImage|Any CPU.Build.0 = Release|Any CPU
		{EE1C14E6-1847-4B78-8BE9-14C55E9840A2}.SingleImage|Mixed Platforms.ActiveCfg = Release|Any CPU
		{EE1C14E6-1847-4B78-8BE9-14C55E9840A2}.SingleImage|Mixed Platforms.Build.0 = Release|Any CPU
		{EE1C14E6-1847-4B78-8BE9-14C55E9840A2}.SingleImage|x86.ActiveCfg = Release|Any CPU
		{0D9DFBA6-E55C-48D3-85D1-0F843259FBDF}.CD_ROM|Any CPU.ActiveCfg = Release|Any CPU
		{0D9DFBA6-E55C-48D3-85D1-0F843259FBDF}.CD_ROM|Any CPU.Build.0 = Release|Any CPU
		{0D9DFBA6-E55C-48D3-85D1-0F843259FBDF}.CD_ROM|Mixed Platforms.ActiveCfg = Release|Any CPU
		{0D9DFBA6-E55C-48D3-85D1-0F843259FBDF}.CD_ROM|Mixed Platforms.Build.0 = Release|Any CPU
		{0D9DFBA6-E55C-48D3-85D1-0F843259FBDF}.CD_ROM|x86.ActiveCfg = Release|Any CPU
		{0D9DFBA6-E55C-48D3-85D1-0F843259FBDF}.Debug|Any CPU.ActiveCfg = Debug|Any CPU
		{0D9DFBA6-E55C-48D3-85D1-0F843259FBDF}.Debug|Any CPU.Build.0 = Debug|Any CPU
		{0D9DFBA6-E55C-48D3-85D1-0F843259FBDF}.Debug|Mixed Platforms.ActiveCfg = Debug|Any CPU
		{0D9DFBA6-E55C-48D3-85D1-0F843259FBDF}.Debug|Mixed Platforms.Build.0 = Debug|Any CPU
		{0D9DFBA6-E55C-48D3-85D1-0F843259FBDF}.Debug|x86.ActiveCfg = Debug|Any CPU
		{0D9DFBA6-E55C-48D3-85D1-0F843259FBDF}.DVD-5|Any CPU.ActiveCfg = Debug|Any CPU
		{0D9DFBA6-E55C-48D3-85D1-0F843259FBDF}.DVD-5|Any CPU.Build.0 = Debug|Any CPU
		{0D9DFBA6-E55C-48D3-85D1-0F843259FBDF}.DVD-5|Mixed Platforms.ActiveCfg = Debug|Any CPU
		{0D9DFBA6-E55C-48D3-85D1-0F843259FBDF}.DVD-5|Mixed Platforms.Build.0 = Debug|Any CPU
		{0D9DFBA6-E55C-48D3-85D1-0F843259FBDF}.DVD-5|x86.ActiveCfg = Debug|Any CPU
		{0D9DFBA6-E55C-48D3-85D1-0F843259FBDF}.Release|Any CPU.ActiveCfg = Release|Any CPU
		{0D9DFBA6-E55C-48D3-85D1-0F843259FBDF}.Release|Any CPU.Build.0 = Release|Any CPU
		{0D9DFBA6-E55C-48D3-85D1-0F843259FBDF}.Release|Mixed Platforms.ActiveCfg = Release|Any CPU
		{0D9DFBA6-E55C-48D3-85D1-0F843259FBDF}.Release|Mixed Platforms.Build.0 = Release|Any CPU
		{0D9DFBA6-E55C-48D3-85D1-0F843259FBDF}.Release|x86.ActiveCfg = Release|Any CPU
		{0D9DFBA6-E55C-48D3-85D1-0F843259FBDF}.SingleImage|Any CPU.ActiveCfg = Release|Any CPU
		{0D9DFBA6-E55C-48D3-85D1-0F843259FBDF}.SingleImage|Any CPU.Build.0 = Release|Any CPU
		{0D9DFBA6-E55C-48D3-85D1-0F843259FBDF}.SingleImage|Mixed Platforms.ActiveCfg = Release|Any CPU
		{0D9DFBA6-E55C-48D3-85D1-0F843259FBDF}.SingleImage|Mixed Platforms.Build.0 = Release|Any CPU
		{0D9DFBA6-E55C-48D3-85D1-0F843259FBDF}.SingleImage|x86.ActiveCfg = Release|Any CPU
		{BE039E94-5D27-4AAB-863F-B1F20E1F5E8E}.CD_ROM|Any CPU.ActiveCfg = Release|Any CPU
		{BE039E94-5D27-4AAB-863F-B1F20E1F5E8E}.CD_ROM|Any CPU.Build.0 = Release|Any CPU
		{BE039E94-5D27-4AAB-863F-B1F20E1F5E8E}.CD_ROM|Mixed Platforms.ActiveCfg = Release|Any CPU
		{BE039E94-5D27-4AAB-863F-B1F20E1F5E8E}.CD_ROM|Mixed Platforms.Build.0 = Release|Any CPU
		{BE039E94-5D27-4AAB-863F-B1F20E1F5E8E}.CD_ROM|x86.ActiveCfg = Release|Any CPU
		{BE039E94-5D27-4AAB-863F-B1F20E1F5E8E}.Debug|Any CPU.ActiveCfg = Debug|Any CPU
		{BE039E94-5D27-4AAB-863F-B1F20E1F5E8E}.Debug|Any CPU.Build.0 = Debug|Any CPU
		{BE039E94-5D27-4AAB-863F-B1F20E1F5E8E}.Debug|Mixed Platforms.ActiveCfg = Debug|Any CPU
		{BE039E94-5D27-4AAB-863F-B1F20E1F5E8E}.Debug|Mixed Platforms.Build.0 = Debug|Any CPU
		{BE039E94-5D27-4AAB-863F-B1F20E1F5E8E}.Debug|x86.ActiveCfg = Debug|Any CPU
		{BE039E94-5D27-4AAB-863F-B1F20E1F5E8E}.DVD-5|Any CPU.ActiveCfg = Debug|Any CPU
		{BE039E94-5D27-4AAB-863F-B1F20E1F5E8E}.DVD-5|Any CPU.Build.0 = Debug|Any CPU
		{BE039E94-5D27-4AAB-863F-B1F20E1F5E8E}.DVD-5|Mixed Platforms.ActiveCfg = Debug|Any CPU
		{BE039E94-5D27-4AAB-863F-B1F20E1F5E8E}.DVD-5|Mixed Platforms.Build.0 = Debug|Any CPU
		{BE039E94-5D27-4AAB-863F-B1F20E1F5E8E}.DVD-5|x86.ActiveCfg = Debug|Any CPU
		{BE039E94-5D27-4AAB-863F-B1F20E1F5E8E}.Release|Any CPU.ActiveCfg = Release|Any CPU
		{BE039E94-5D27-4AAB-863F-B1F20E1F5E8E}.Release|Any CPU.Build.0 = Release|Any CPU
		{BE039E94-5D27-4AAB-863F-B1F20E1F5E8E}.Release|Mixed Platforms.ActiveCfg = Release|Any CPU
		{BE039E94-5D27-4AAB-863F-B1F20E1F5E8E}.Release|Mixed Platforms.Build.0 = Release|Any CPU
		{BE039E94-5D27-4AAB-863F-B1F20E1F5E8E}.Release|x86.ActiveCfg = Release|Any CPU
		{BE039E94-5D27-4AAB-863F-B1F20E1F5E8E}.SingleImage|Any CPU.ActiveCfg = Release|Any CPU
		{BE039E94-5D27-4AAB-863F-B1F20E1F5E8E}.SingleImage|Any CPU.Build.0 = Release|Any CPU
		{BE039E94-5D27-4AAB-863F-B1F20E1F5E8E}.SingleImage|Mixed Platforms.ActiveCfg = Release|Any CPU
		{BE039E94-5D27-4AAB-863F-B1F20E1F5E8E}.SingleImage|Mixed Platforms.Build.0 = Release|Any CPU
		{BE039E94-5D27-4AAB-863F-B1F20E1F5E8E}.SingleImage|x86.ActiveCfg = Release|Any CPU
	EndGlobalSection
	GlobalSection(SolutionProperties) = preSolution
		HideSolutionNode = FALSE
	EndGlobalSection
	GlobalSection(NestedProjects) = preSolution
		{CBA54B87-84B2-4C50-A2D7-FB5CA818AC1A} = {1A02F2CA-0D87-4FBB-88F6-A766B9D35170}
		{B9AC7B85-AB65-498C-9066-326E399C8728} = {1A02F2CA-0D87-4FBB-88F6-A766B9D35170}
		{C3C06D1F-D9F3-4024-B438-B43D21C33751} = {1A02F2CA-0D87-4FBB-88F6-A766B9D35170}
		{33ECD64E-732F-498F-817C-BF0BDAACF646} = {1A02F2CA-0D87-4FBB-88F6-A766B9D35170}
		{70E91860-2729-47B2-92A2-06AD209DA113} = {1A02F2CA-0D87-4FBB-88F6-A766B9D35170}
		{AA500E23-507E-4036-BF67-C5ED4C2F9C67} = {1A02F2CA-0D87-4FBB-88F6-A766B9D35170}
		{1C90758A-96FE-48C8-B8F5-FC5FB5A3E843} = {7AC78CE6-3DA7-4A74-B5BF-848D4ED6733D}
		{EE1C14E6-1847-4B78-8BE9-14C55E9840A2} = {1A02F2CA-0D87-4FBB-88F6-A766B9D35170}
		{0D9DFBA6-E55C-48D3-85D1-0F843259FBDF} = {1A02F2CA-0D87-4FBB-88F6-A766B9D35170}
		{BE039E94-5D27-4AAB-863F-B1F20E1F5E8E} = {1A02F2CA-0D87-4FBB-88F6-A766B9D35170}
	EndGlobalSection
EndGlobal
